
Microsoft Visual Studio Solution File, Format Version 12.00
# Visual Studio Version 17
VisualStudioVersion = 17.9.34714.143
MinimumVisualStudioVersion = 10.0.40219.1
Project("{FAE04EC0-301F-11D3-BF4B-00C04F79EFBC}") = "CadastrodeContatos", "CadastrodeContatos\CadastrodeContatos.csproj", "{6B7320B2-394E-480E-84F1-10778F99ECA5}"
EndProject
Global
	GlobalSection(SolutionConfigurationPlatforms) = preSolution
		Debug|Any CPU = Debug|Any CPU
		Release|Any CPU = Release|Any CPU
	EndGlobalSection
	GlobalSection(ProjectConfigurationPlatforms) = postSolution
		{6B7320B2-394E-480E-84F1-10778F99ECA5}.Debug|Any CPU.ActiveCfg = Debug|Any CPU
		{6B7320B2-394E-480E-84F1-10778F99ECA5}.Debug|Any CPU.Build.0 = Debug|Any CPU
		{6B7320B2-394E-480E-84F1-10778F99ECA5}.Release|Any CPU.ActiveCfg = Release|Any CPU
		{6B7320B2-394E-480E-84F1-10778F99ECA5}.Release|Any CPU.Build.0 = Release|Any CPU
	EndGlobalSection
	GlobalSection(SolutionProperties) = preSolution
		HideSolutionNode = FALSE
	EndGlobalSection
	GlobalSection(ExtensibilityGlobals) = postSolution
		SolutionGuid = {FFD6CF50-A79C-4E4D-9941-C36935A514DF}
	EndGlobalSection
EndGlobal
